
Microsoft Visual Studio Solution File, Format Version 12.00
# Visual Studio Version 17
VisualStudioVersion = 17.1.32210.238
MinimumVisualStudioVersion = 10.0.40219.1
Project("{FAE04EC0-301F-11D3-BF4B-00C04F79EFBC}") = "EjercicioClase14", "EjercicioClase14.csproj", "{EF0AA6F2-92BC-4C5B-B7C4-C20EE1A61894}"
EndProject
Global
	GlobalSection(SolutionConfigurationPlatforms) = preSolution
		Debug|Any CPU = Debug|Any CPU
		Release|Any CPU = Release|Any CPU
	EndGlobalSection
	GlobalSection(ProjectConfigurationPlatforms) = postSolution
		{EF0AA6F2-92BC-4C5B-B7C4-C20EE1A61894}.Debug|Any CPU.ActiveCfg = Debug|Any CPU
		{EF0AA6F2-92BC-4C5B-B7C4-C20EE1A61894}.Debug|Any CPU.Build.0 = Debug|Any CPU
		{EF0AA6F2-92BC-4C5B-B7C4-C20EE1A61894}.Release|Any CPU.ActiveCfg = Release|Any CPU
		{EF0AA6F2-92BC-4C5B-B7C4-C20EE1A61894}.Release|Any CPU.Build.0 = Release|Any CPU
	EndGlobalSection
	GlobalSection(SolutionProperties) = preSolution
		HideSolutionNode = FALSE
	EndGlobalSection
	GlobalSection(ExtensibilityGlobals) = postSolution
		SolutionGuid = {24F7333B-CD63-444B-9672-DBD04244CAAD}
	EndGlobalSection
EndGlobal
