
Microsoft Visual Studio Solution File, Format Version 12.00
# Visual Studio Version 17
VisualStudioVersion = 17.1.32210.238
MinimumVisualStudioVersion = 10.0.40219.1
Project("{FAE04EC0-301F-11D3-BF4B-00C04F79EFBC}") = "EjercicioClase9-Parte2", "EjercicioClase9-Parte2.csproj", "{02B28D34-7035-4581-AE06-BA6FCDC3417E}"
EndProject
Global
	GlobalSection(SolutionConfigurationPlatforms) = preSolution
		Debug|Any CPU = Debug|Any CPU
		Release|Any CPU = Release|Any CPU
	EndGlobalSection
	GlobalSection(ProjectConfigurationPlatforms) = postSolution
		{02B28D34-7035-4581-AE06-BA6FCDC3417E}.Debug|Any CPU.ActiveCfg = Debug|Any CPU
		{02B28D34-7035-4581-AE06-BA6FCDC3417E}.Debug|Any CPU.Build.0 = Debug|Any CPU
		{02B28D34-7035-4581-AE06-BA6FCDC3417E}.Release|Any CPU.ActiveCfg = Release|Any CPU
		{02B28D34-7035-4581-AE06-BA6FCDC3417E}.Release|Any CPU.Build.0 = Release|Any CPU
	EndGlobalSection
	GlobalSection(SolutionProperties) = preSolution
		HideSolutionNode = FALSE
	EndGlobalSection
	GlobalSection(ExtensibilityGlobals) = postSolution
		SolutionGuid = {2A9A077A-44E0-4026-BB67-14EB7749FE92}
	EndGlobalSection
EndGlobal
