
Microsoft Visual Studio Solution File, Format Version 12.00
# Visual Studio Version 17
VisualStudioVersion = 17.1.32210.238
MinimumVisualStudioVersion = 10.0.40219.1
Project("{FAE04EC0-301F-11D3-BF4B-00C04F79EFBC}") = "EjercicioClase5", "EjercicioClase5.csproj", "{71DA7BB7-57CF-44E7-B0EF-A90E87A5AA0F}"
EndProject
Global
	GlobalSection(SolutionConfigurationPlatforms) = preSolution
		Debug|Any CPU = Debug|Any CPU
		Release|Any CPU = Release|Any CPU
	EndGlobalSection
	GlobalSection(ProjectConfigurationPlatforms) = postSolution
		{71DA7BB7-57CF-44E7-B0EF-A90E87A5AA0F}.Debug|Any CPU.ActiveCfg = Debug|Any CPU
		{71DA7BB7-57CF-44E7-B0EF-A90E87A5AA0F}.Debug|Any CPU.Build.0 = Debug|Any CPU
		{71DA7BB7-57CF-44E7-B0EF-A90E87A5AA0F}.Release|Any CPU.ActiveCfg = Release|Any CPU
		{71DA7BB7-57CF-44E7-B0EF-A90E87A5AA0F}.Release|Any CPU.Build.0 = Release|Any CPU
	EndGlobalSection
	GlobalSection(SolutionProperties) = preSolution
		HideSolutionNode = FALSE
	EndGlobalSection
	GlobalSection(ExtensibilityGlobals) = postSolution
		SolutionGuid = {30DD2469-12E9-42C0-B5F4-8DDD8AB09C3E}
	EndGlobalSection
EndGlobal
